
Microsoft Visual Studio Solution File, Format Version 12.00
# Visual Studio Version 17
VisualStudioVersion = 17.5.33414.496
MinimumVisualStudioVersion = 10.0.40219.1
Project("{9A19103F-16F7-4668-BE54-9A1E7A4F7556}") = "FunctionApp1", "FunctionApp1\FunctionApp1.csproj", "{30A168DE-5D83-4B88-A935-C283F245488E}"
EndProject
Project("{FAE04EC0-301F-11D3-BF4B-00C04F79EFBC}") = "KilometrikisaBE.Tests", "KilometrikisaBE.Tests\KilometrikisaBE.Tests.csproj", "{9773574C-4CA4-4D53-ACCC-53BCB97F68AB}"
EndProject
Global
	GlobalSection(SolutionConfigurationPlatforms) = preSolution
		Debug|Any CPU = Debug|Any CPU
		Release|Any CPU = Release|Any CPU
	EndGlobalSection
	GlobalSection(ProjectConfigurationPlatforms) = postSolution
		{30A168DE-5D83-4B88-A935-C283F245488E}.Debug|Any CPU.ActiveCfg = Debug|Any CPU
		{30A168DE-5D83-4B88-A935-C283F245488E}.Debug|Any CPU.Build.0 = Debug|Any CPU
		{30A168DE-5D83-4B88-A935-C283F245488E}.Release|Any CPU.ActiveCfg = Release|Any CPU
		{30A168DE-5D83-4B88-A935-C283F245488E}.Release|Any CPU.Build.0 = Release|Any CPU
		{9773574C-4CA4-4D53-ACCC-53BCB97F68AB}.Debug|Any CPU.ActiveCfg = Debug|Any CPU
		{9773574C-4CA4-4D53-ACCC-53BCB97F68AB}.Debug|Any CPU.Build.0 = Debug|Any CPU
		{9773574C-4CA4-4D53-ACCC-53BCB97F68AB}.Release|Any CPU.ActiveCfg = Release|Any CPU
		{9773574C-4CA4-4D53-ACCC-53BCB97F68AB}.Release|Any CPU.Build.0 = Release|Any CPU
	EndGlobalSection
	GlobalSection(SolutionProperties) = preSolution
		HideSolutionNode = FALSE
	EndGlobalSection
	GlobalSection(ExtensibilityGlobals) = postSolution
		SolutionGuid = {44CF766E-3A10-42F5-94FA-5E7D38A49D46}
	EndGlobalSection
EndGlobal
